
Microsoft Visual Studio Solution File, Format Version 12.00
# Visual Studio Version 17
VisualStudioVersion = 17.1.32228.430
MinimumVisualStudioVersion = 10.0.40219.1
Project("{FAE04EC0-301F-11D3-BF4B-00C04F79EFBC}") = "2ndPro", "2ndPro\2ndPro.csproj", "{50C0F7ED-D5C1-4DD2-A386-7688F6097FE1}"
EndProject
Global
	GlobalSection(SolutionConfigurationPlatforms) = preSolution
		Debug|Any CPU = Debug|Any CPU
		Release|Any CPU = Release|Any CPU
	EndGlobalSection
	GlobalSection(ProjectConfigurationPlatforms) = postSolution
		{50C0F7ED-D5C1-4DD2-A386-7688F6097FE1}.Debug|Any CPU.ActiveCfg = Debug|Any CPU
		{50C0F7ED-D5C1-4DD2-A386-7688F6097FE1}.Debug|Any CPU.Build.0 = Debug|Any CPU
		{50C0F7ED-D5C1-4DD2-A386-7688F6097FE1}.Release|Any CPU.ActiveCfg = Release|Any CPU
		{50C0F7ED-D5C1-4DD2-A386-7688F6097FE1}.Release|Any CPU.Build.0 = Release|Any CPU
	EndGlobalSection
	GlobalSection(SolutionProperties) = preSolution
		HideSolutionNode = FALSE
	EndGlobalSection
	GlobalSection(ExtensibilityGlobals) = postSolution
		SolutionGuid = {F404C72D-5DEF-4C50-8157-4C67BAD12624}
	EndGlobalSection
EndGlobal
